// !$*UTF8*$!
{
	archiveVersion = 1;
	classes = {
	};
	objectVersion = 46;
	objects = {

/* Begin PBXBuildFile section */
		DC5E88191C8F03C60034B973 /* ViewControllerSpring.swift in Sources */ = {isa = PBXBuildFile; fileRef = DC5E88181C8F03C60034B973 /* ViewControllerSpring.swift */; };
		DC71BB231C9866C100262B83 /* 1.mp3 in Resources */ = {isa = PBXBuildFile; fileRef = DC71BB1F1C9866C100262B83 /* 1.mp3 */; };
		DC71BB241C9866C100262B83 /* 2.mp3 in Resources */ = {isa = PBXBuildFile; fileRef = DC71BB201C9866C100262B83 /* 2.mp3 */; };
		DC71BB251C9866C100262B83 /* 3.mp3 in Resources */ = {isa = PBXBuildFile; fileRef = DC71BB211C9866C100262B83 /* 3.mp3 */; };
		DC71BB261C9866C100262B83 /* 4.mp3 in Resources */ = {isa = PBXBuildFile; fileRef = DC71BB221C9866C100262B83 /* 4.mp3 */; };
		DC71BB271C986C9600262B83 /* ViewControllerAutumn.swift in Sources */ = {isa = PBXBuildFile; fileRef = DC7E3A7F1C91BF9000FF33D9 /* ViewControllerAutumn.swift */; };
		DC7E3A751C91B02C00FF33D9 /* ViewControllerSummer.swift in Sources */ = {isa = PBXBuildFile; fileRef = DC7E3A731C91B02C00FF33D9 /* ViewControllerSummer.swift */; };
		DC7E3A761C91B02C00FF33D9 /* ViewControllerSummer.xib in Resources */ = {isa = PBXBuildFile; fileRef = DC7E3A741C91B02C00FF33D9 /* ViewControllerSummer.xib */; };
		DC7E3A821C91BF9000FF33D9 /* ViewControllerAutumn.xib in Resources */ = {isa = PBXBuildFile; fileRef = DC7E3A801C91BF9000FF33D9 /* ViewControllerAutumn.xib */; };
		DC7E3A851C91C2AE00FF33D9 /* ViewControllerWinter.swift in Sources */ = {isa = PBXBuildFile; fileRef = DC7E3A831C91C2AE00FF33D9 /* ViewControllerWinter.swift */; };
		DC7E3A861C91C2AE00FF33D9 /* ViewControllerWinter.xib in Resources */ = {isa = PBXBuildFile; fileRef = DC7E3A841C91C2AE00FF33D9 /* ViewControllerWinter.xib */; };
		DC83212A1C8DF0E200562CA7 /* ViewControllerAbout.swift in Sources */ = {isa = PBXBuildFile; fileRef = DC8321291C8DF0E200562CA7 /* ViewControllerAbout.swift */; };
		DCCE684D1C874244009559FF /* AppDelegate.swift in Sources */ = {isa = PBXBuildFile; fileRef = DCCE684C1C874244009559FF /* AppDelegate.swift */; };
		DCCE684F1C874244009559FF /* ViewController.swift in Sources */ = {isa = PBXBuildFile; fileRef = DCCE684E1C874244009559FF /* ViewController.swift */; };
		DCCE68521C874244009559FF /* Main.storyboard in Resources */ = {isa = PBXBuildFile; fileRef = DCCE68501C874244009559FF /* Main.storyboard */; };
		DCCE68541C874244009559FF /* Assets.xcassets in Resources */ = {isa = PBXBuildFile; fileRef = DCCE68531C874244009559FF /* Assets.xcassets */; };
		DCCE68571C874244009559FF /* LaunchScreen.storyboard in Resources */ = {isa = PBXBuildFile; fileRef = DCCE68551C874244009559FF /* LaunchScreen.storyboard */; };
		DCCE68641C8747A1009559FF /* HelveticaNeue.dfont in Resources */ = {isa = PBXBuildFile; fileRef = DCCE685F1C8747A1009559FF /* HelveticaNeue.dfont */; };
		DCCE68651C8747A1009559FF /* HighTide.otf in Resources */ = {isa = PBXBuildFile; fileRef = DCCE68601C8747A1009559FF /* HighTide.otf */; };
		DCCE68661C8747A1009559FF /* HighTideBold.otf in Resources */ = {isa = PBXBuildFile; fileRef = DCCE68611C8747A1009559FF /* HighTideBold.otf */; };
		DCCE68671C8747A1009559FF /* HighTideSans.otf in Resources */ = {isa = PBXBuildFile; fileRef = DCCE68621C8747A1009559FF /* HighTideSans.otf */; };
		DCCE68681C8747A1009559FF /* MYRIADPRO-REGULAR.OTF in Resources */ = {isa = PBXBuildFile; fileRef = DCCE68631C8747A1009559FF /* MYRIADPRO-REGULAR.OTF */; };
/* End PBXBuildFile section */

/* Begin PBXFileReference section */
		DC5E88181C8F03C60034B973 /* ViewControllerSpring.swift */ = {isa = PBXFileReference; fileEncoding = 4; lastKnownFileType = sourcecode.swift; name = ViewControllerSpring.swift; path = ../ViewControllerSpring.swift; sourceTree = "<group>"; };
		DC71BB1F1C9866C100262B83 /* 1.mp3 */ = {isa = PBXFileReference; lastKnownFileType = audio.mp3; name = 1.mp3; path = CamMixes/1.mp3; sourceTree = "<group>"; };
		DC71BB201C9866C100262B83 /* 2.mp3 */ = {isa = PBXFileReference; lastKnownFileType = audio.mp3; name = 2.mp3; path = CamMixes/2.mp3; sourceTree = "<group>"; };
		DC71BB211C9866C100262B83 /* 3.mp3 */ = {isa = PBXFileReference; lastKnownFileType = audio.mp3; name = 3.mp3; path = CamMixes/3.mp3; sourceTree = "<group>"; };
		DC71BB221C9866C100262B83 /* 4.mp3 */ = {isa = PBXFileReference; lastKnownFileType = audio.mp3; name = 4.mp3; path = CamMixes/4.mp3; sourceTree = "<group>"; };
		DC7E3A731C91B02C00FF33D9 /* ViewControllerSummer.swift */ = {isa = PBXFileReference; fileEncoding = 4; lastKnownFileType = sourcecode.swift; path = ViewControllerSummer.swift; sourceTree = "<group>"; };
		DC7E3A741C91B02C00FF33D9 /* ViewControllerSummer.xib */ = {isa = PBXFileReference; fileEncoding = 4; lastKnownFileType = file.xib; path = ViewControllerSummer.xib; sourceTree = "<group>"; };
		DC7E3A7F1C91BF9000FF33D9 /* ViewControllerAutumn.swift */ = {isa = PBXFileReference; fileEncoding = 4; lastKnownFileType = sourcecode.swift; path = ViewControllerAutumn.swift; sourceTree = "<group>"; };
		DC7E3A801C91BF9000FF33D9 /* ViewControllerAutumn.xib */ = {isa = PBXFileReference; fileEncoding = 4; lastKnownFileType = file.xib; path = ViewControllerAutumn.xib; sourceTree = "<group>"; };
		DC7E3A831C91C2AE00FF33D9 /* ViewControllerWinter.swift */ = {isa = PBXFileReference; fileEncoding = 4; lastKnownFileType = sourcecode.swift; path = ViewControllerWinter.swift; sourceTree = "<group>"; };
		DC7E3A841C91C2AE00FF33D9 /* ViewControllerWinter.xib */ = {isa = PBXFileReference; fileEncoding = 4; lastKnownFileType = file.xib; path = ViewControllerWinter.xib; sourceTree = "<group>"; };
		DC8321291C8DF0E200562CA7 /* ViewControllerAbout.swift */ = {isa = PBXFileReference; fileEncoding = 4; lastKnownFileType = sourcecode.swift; path = ViewControllerAbout.swift; sourceTree = "<group>"; };
		DCCE68491C874244009559FF /* CamMixes.app */ = {isa = PBXFileReference; explicitFileType = wrapper.application; includeInIndex = 0; path = CamMixes.app; sourceTree = BUILT_PRODUCTS_DIR; };
		DCCE684C1C874244009559FF /* AppDelegate.swift */ = {isa = PBXFileReference; lastKnownFileType = sourcecode.swift; path = AppDelegate.swift; sourceTree = "<group>"; };
		DCCE684E1C874244009559FF /* ViewController.swift */ = {isa = PBXFileReference; lastKnownFileType = sourcecode.swift; path = ViewController.swift; sourceTree = "<group>"; };
		DCCE68511C874244009559FF /* Base */ = {isa = PBXFileReference; lastKnownFileType = file.storyboard; name = Base; path = Base.lproj/Main.storyboard; sourceTree = "<group>"; };
		DCCE68531C874244009559FF /* Assets.xcassets */ = {isa = PBXFileReference; lastKnownFileType = folder.assetcatalog; path = Assets.xcassets; sourceTree = "<group>"; };
		DCCE68561C874244009559FF /* Base */ = {isa = PBXFileReference; lastKnownFileType = file.storyboard; name = Base; path = Base.lproj/LaunchScreen.storyboard; sourceTree = "<group>"; };
		DCCE68581C874244009559FF /* Info.plist */ = {isa = PBXFileReference; lastKnownFileType = text.plist.xml; path = Info.plist; sourceTree = "<group>"; };
		DCCE685F1C8747A1009559FF /* HelveticaNeue.dfont */ = {isa = PBXFileReference; lastKnownFileType = file; path = HelveticaNeue.dfont; sourceTree = "<group>"; };
		DCCE68601C8747A1009559FF /* HighTide.otf */ = {isa = PBXFileReference; lastKnownFileType = file; path = HighTide.otf; sourceTree = "<group>"; };
		DCCE68611C8747A1009559FF /* HighTideBold.otf */ = {isa = PBXFileReference; lastKnownFileType = file; path = HighTideBold.otf; sourceTree = "<group>"; };
		DCCE68621C8747A1009559FF /* HighTideSans.otf */ = {isa = PBXFileReference; lastKnownFileType = file; path = HighTideSans.otf; sourceTree = "<group>"; };
		DCCE68631C8747A1009559FF /* MYRIADPRO-REGULAR.OTF */ = {isa = PBXFileReference; lastKnownFileType = file; path = "MYRIADPRO-REGULAR.OTF"; sourceTree = "<group>"; };
/* End PBXFileReference section */

/* Begin PBXFrameworksBuildPhase section */
		DCCE68461C874244009559FF /* Frameworks */ = {
			isa = PBXFrameworksBuildPhase;
			buildActionMask = 2147483647;
			files = (
			);
			runOnlyForDeploymentPostprocessing = 0;
		};
/* End PBXFrameworksBuildPhase section */

/* Begin PBXGroup section */
		DC8745261C9AEDA90070CC3F /* mySongs */ = {
			isa = PBXGroup;
			children = (
				DC71BB1F1C9866C100262B83 /* 1.mp3 */,
				DC71BB201C9866C100262B83 /* 2.mp3 */,
				DC71BB211C9866C100262B83 /* 3.mp3 */,
				DC71BB221C9866C100262B83 /* 4.mp3 */,
			);
			name = mySongs;
			path = ..;
			sourceTree = "<group>";
		};
		DCCE68401C874244009559FF = {
			isa = PBXGroup;
			children = (
				DCCE684B1C874244009559FF /* CamMixes */,
				DCCE684A1C874244009559FF /* Products */,
			);
			sourceTree = "<group>";
		};
		DCCE684A1C874244009559FF /* Products */ = {
			isa = PBXGroup;
			children = (
				DCCE68491C874244009559FF /* CamMixes.app */,
			);
			name = Products;
			sourceTree = "<group>";
		};
		DCCE684B1C874244009559FF /* CamMixes */ = {
			isa = PBXGroup;
			children = (
				DCCE684C1C874244009559FF /* AppDelegate.swift */,
				DCCE684E1C874244009559FF /* ViewController.swift */,
				DCCE68501C874244009559FF /* Main.storyboard */,
				DC7E3A831C91C2AE00FF33D9 /* ViewControllerWinter.swift */,
				DC7E3A841C91C2AE00FF33D9 /* ViewControllerWinter.xib */,
				DC7E3A7F1C91BF9000FF33D9 /* ViewControllerAutumn.swift */,
				DC7E3A801C91BF9000FF33D9 /* ViewControllerAutumn.xib */,
				DC8321291C8DF0E200562CA7 /* ViewControllerAbout.swift */,
				DC5E88181C8F03C60034B973 /* ViewControllerSpring.swift */,
				DC7E3A731C91B02C00FF33D9 /* ViewControllerSummer.swift */,
				DC7E3A741C91B02C00FF33D9 /* ViewControllerSummer.xib */,
				DCCE68531C874244009559FF /* Assets.xcassets */,
				DCCE68551C874244009559FF /* LaunchScreen.storyboard */,
				DCCE68581C874244009559FF /* Info.plist */,
				DC8745261C9AEDA90070CC3F /* mySongs */,
				DCCE685E1C8746BA009559FF /* Fonts */,
			);
			path = CamMixes;
			sourceTree = "<group>";
		};
		DCCE685E1C8746BA009559FF /* Fonts */ = {
			isa = PBXGroup;
			children = (
				DCCE685F1C8747A1009559FF /* HelveticaNeue.dfont */,
				DCCE68601C8747A1009559FF /* HighTide.otf */,
				DCCE68611C8747A1009559FF /* HighTideBold.otf */,
				DCCE68621C8747A1009559FF /* HighTideSans.otf */,
				DCCE68631C8747A1009559FF /* MYRIADPRO-REGULAR.OTF */,
			);
			name = Fonts;
			sourceTree = "<group>";
		};
/* End PBXGroup section */

/* Begin PBXNativeTarget section */
		DCCE68481C874244009559FF /* CamMixes */ = {
			isa = PBXNativeTarget;
			buildConfigurationList = DCCE685B1C874244009559FF /* Build configuration list for PBXNativeTarget "CamMixes" */;
			buildPhases = (
				DCCE68451C874244009559FF /* Sources */,
				DCCE68461C874244009559FF /* Frameworks */,
				DCCE68471C874244009559FF /* Resources */,
			);
			buildRules = (
			);
			dependencies = (
			);
			name = CamMixes;
			productName = CamMixes;
			productReference = DCCE68491C874244009559FF /* CamMixes.app */;
			productType = "com.apple.product-type.application";
		};
/* End PBXNativeTarget section */

/* Begin PBXProject section */
		DCCE68411C874244009559FF /* Project object */ = {
			isa = PBXProject;
			attributes = {
				LastSwiftUpdateCheck = 0720;
				LastUpgradeCheck = 0720;
				ORGANIZATIONNAME = Hobostation;
				TargetAttributes = {
					DCCE68481C874244009559FF = {
						CreatedOnToolsVersion = 7.2.1;
						DevelopmentTeam = 8BHW8WJCQN;
						SystemCapabilities = {
							com.apple.BackgroundModes = {
								enabled = 1;
							};
							com.apple.Push = {
								enabled = 1;
							};
						};
					};
				};
			};
			buildConfigurationList = DCCE68441C874244009559FF /* Build configuration list for PBXProject "CamMixes" */;
			compatibilityVersion = "Xcode 3.2";
			developmentRegion = English;
			hasScannedForEncodings = 0;
			knownRegions = (
				en,
				Base,
			);
			mainGroup = DCCE68401C874244009559FF;
			productRefGroup = DCCE684A1C874244009559FF /* Products */;
			projectDirPath = "";
			projectRoot = "";
			targets = (
				DCCE68481C874244009559FF /* CamMixes */,
			);
		};
/* End PBXProject section */

/* Begin PBXResourcesBuildPhase section */
		DCCE68471C874244009559FF /* Resources */ = {
			isa = PBXResourcesBuildPhase;
			buildActionMask = 2147483647;
			files = (
				DCCE68571C874244009559FF /* LaunchScreen.storyboard in Resources */,
				DC7E3A821C91BF9000FF33D9 /* ViewControllerAutumn.xib in Resources */,
				DCCE68541C874244009559FF /* Assets.xcassets in Resources */,
				DC7E3A861C91C2AE00FF33D9 /* ViewControllerWinter.xib in Resources */,
				DC7E3A761C91B02C00FF33D9 /* ViewControllerSummer.xib in Resources */,
				DC71BB261C9866C100262B83 /* 4.mp3 in Resources */,
				DCCE68681C8747A1009559FF /* MYRIADPRO-REGULAR.OTF in Resources */,
				DC71BB251C9866C100262B83 /* 3.mp3 in Resources */,
				DCCE68671C8747A1009559FF /* HighTideSans.otf in Resources */,
				DCCE68661C8747A1009559FF /* HighTideBold.otf in Resources */,
				DC71BB231C9866C100262B83 /* 1.mp3 in Resources */,
				DCCE68641C8747A1009559FF /* HelveticaNeue.dfont in Resources */,
				DC71BB241C9866C100262B83 /* 2.mp3 in Resources */,
				DCCE68521C874244009559FF /* Main.storyboard in Resources */,
				DCCE68651C8747A1009559FF /* HighTide.otf in Resources */,
			);
			runOnlyForDeploymentPostprocessing = 0;
		};
/* End PBXResourcesBuildPhase section */

/* Begin PBXSourcesBuildPhase section */
		DCCE68451C874244009559FF /* Sources */ = {
			isa = PBXSourcesBuildPhase;
			buildActionMask = 2147483647;
			files = (
				DCCE684F1C874244009559FF /* ViewController.swift in Sources */,
				DC7E3A851C91C2AE00FF33D9 /* ViewControllerWinter.swift in Sources */,
				DC7E3A751C91B02C00FF33D9 /* ViewControllerSummer.swift in Sources */,
				DCCE684D1C874244009559FF /* AppDelegate.swift in Sources */,
				DC83212A1C8DF0E200562CA7 /* ViewControllerAbout.swift in Sources */,
				DC5E88191C8F03C60034B973 /* ViewControllerSpring.swift in Sources */,
				DC71BB271C986C9600262B83 /* ViewControllerAutumn.swift in Sources */,
			);
			runOnlyForDeploymentPostprocessing = 0;
		};
/* End PBXSourcesBuildPhase section */

/* Begin PBXVariantGroup section */
		DCCE68501C874244009559FF /* Main.storyboard */ = {
			isa = PBXVariantGroup;
			children = (
				DCCE68511C874244009559FF /* Base */,
			);
			name = Main.storyboard;
			sourceTree = "<group>";
		};
		DCCE68551C874244009559FF /* LaunchScreen.storyboard */ = {
			isa = PBXVariantGroup;
			children = (
				DCCE68561C874244009559FF /* Base */,
			);
			name = LaunchScreen.storyboard;
			sourceTree = "<group>";
		};
/* End PBXVariantGroup section */

/* Begin XCBuildConfiguration section */
		DCCE68591C874244009559FF /* Debug */ = {
			isa = XCBuildConfiguration;
			buildSettings = {
				ALWAYS_SEARCH_USER_PATHS = NO;
				CLANG_CXX_LANGUAGE_STANDARD = "gnu++0x";
				CLANG_CXX_LIBRARY = "libc++";
				CLANG_ENABLE_MODULES = YES;
				CLANG_ENABLE_OBJC_ARC = YES;
				CLANG_WARN_BOOL_CONVERSION = YES;
				CLANG_WARN_CONSTANT_CONVERSION = YES;
				CLANG_WARN_DIRECT_OBJC_ISA_USAGE = YES_ERROR;
				CLANG_WARN_EMPTY_BODY = YES;
				CLANG_WARN_ENUM_CONVERSION = YES;
				CLANG_WARN_INT_CONVERSION = YES;
				CLANG_WARN_OBJC_ROOT_CLASS = YES_ERROR;
				CLANG_WARN_UNREACHABLE_CODE = YES;
				CLANG_WARN__DUPLICATE_METHOD_MATCH = YES;
				"CODE_SIGN_IDENTITY[sdk=iphoneos*]" = "iPhone Developer";
				COPY_PHASE_STRIP = NO;
				DEBUG_INFORMATION_FORMAT = dwarf;
				ENABLE_STRICT_OBJC_MSGSEND = YES;
				ENABLE_TESTABILITY = YES;
				GCC_C_LANGUAGE_STANDARD = gnu99;
				GCC_DYNAMIC_NO_PIC = NO;
				GCC_NO_COMMON_BLOCKS = YES;
				GCC_OPTIMIZATION_LEVEL = 0;
				GCC_PREPROCESSOR_DEFINITIONS = (
					"DEBUG=1",
					"$(inherited)",
				);
				GCC_WARN_64_TO_32_BIT_CONVERSION = YES;
				GCC_WARN_ABOUT_RETURN_TYPE = YES_ERROR;
				GCC_WARN_UNDECLARED_SELECTOR = YES;
				GCC_WARN_UNINITIALIZED_AUTOS = YES_AGGRESSIVE;
				GCC_WARN_UNUSED_FUNCTION = YES;
				GCC_WARN_UNUSED_VARIABLE = YES;
				IPHONEOS_DEPLOYMENT_TARGET = 9.2;
				MTL_ENABLE_DEBUG_INFO = YES;
				ONLY_ACTIVE_ARCH = YES;
				SDKROOT = iphoneos;
				SWIFT_OPTIMIZATION_LEVEL = "-Onone";
				TARGETED_DEVICE_FAMILY = "1,2";
			};
			name = Debug;
		};
		DCCE685A1C874244009559FF /* Release */ = {
			isa = XCBuildConfiguration;
			buildSettings = {
				ALWAYS_SEARCH_USER_PATHS = NO;
				CLANG_CXX_LANGUAGE_STANDARD = "gnu++0x";
				CLANG_CXX_LIBRARY = "libc++";
				CLANG_ENABLE_MODULES = YES;
				CLANG_ENABLE_OBJC_ARC = YES;
				CLANG_WARN_BOOL_CONVERSION = YES;
				CLANG_WARN_CONSTANT_CONVERSION = YES;
				CLANG_WARN_DIRECT_OBJC_ISA_USAGE = YES_ERROR;
				CLANG_WARN_EMPTY_BODY = YES;
				CLANG_WARN_ENUM_CONVERSION = YES;
				CLANG_WARN_INT_CONVERSION = YES;
				CLANG_WARN_OBJC_ROOT_CLASS = YES_ERROR;
				CLANG_WARN_UNREACHABLE_CODE = YES;
				CLANG_WARN__DUPLICATE_METHOD_MATCH = YES;
				"CODE_SIGN_IDENTITY[sdk=iphoneos*]" = "iPhone Developer";
				COPY_PHASE_STRIP = NO;
				DEBUG_INFORMATION_FORMAT = "dwarf-with-dsym";
				ENABLE_NS_ASSERTIONS = NO;
				ENABLE_STRICT_OBJC_MSGSEND = YES;
				GCC_C_LANGUAGE_STANDARD = gnu99;
				GCC_NO_COMMON_BLOCKS = YES;
				GCC_WARN_64_TO_32_BIT_CONVERSION = YES;
				GCC_WARN_ABOUT_RETURN_TYPE = YES_ERROR;
				GCC_WARN_UNDECLARED_SELECTOR = YES;
				GCC_WARN_UNINITIALIZED_AUTOS = YES_AGGRESSIVE;
				GCC_WARN_UNUSED_FUNCTION = YES;
				GCC_WARN_UNUSED_VARIABLE = YES;
				IPHONEOS_DEPLOYMENT_TARGET = 9.2;
				MTL_ENABLE_DEBUG_INFO = NO;
				SDKROOT = iphoneos;
				TARGETED_DEVICE_FAMILY = "1,2";
				VALIDATE_PRODUCT = YES;
			};
			name = Release;
		};
		DCCE685C1C874244009559FF /* Debug */ = {
			isa = XCBuildConfiguration;
			buildSettings = {
				ASSETCATALOG_COMPILER_APPICON_NAME = AppIcon;
				CODE_SIGN_IDENTITY = "iPhone Developer";
				"CODE_SIGN_IDENTITY[sdk=iphoneos*]" = "iPhone Developer";
				INFOPLIST_FILE = CamMixes/Info.plist;
				LD_RUNPATH_SEARCH_PATHS = "$(inherited) @executable_path/Frameworks";
				PRODUCT_BUNDLE_IDENTIFIER = com.hobostation.CamMixes;
				PRODUCT_NAME = "$(TARGET_NAME)";
				PROVISIONING_PROFILE = "";
			};
			name = Debug;
		};
		DCCE685D1C874244009559FF /* Release */ = {
			isa = XCBuildConfiguration;
			buildSettings = {
				ASSETCATALOG_COMPILER_APPICON_NAME = AppIcon;
				CODE_SIGN_IDENTITY = "iPhone Developer";
				"CODE_SIGN_IDENTITY[sdk=iphoneos*]" = "iPhone Developer";
				INFOPLIST_FILE = CamMixes/Info.plist;
				LD_RUNPATH_SEARCH_PATHS = "$(inherited) @executable_path/Frameworks";
				PRODUCT_BUNDLE_IDENTIFIER = com.hobostation.CamMixes;
				PRODUCT_NAME = "$(TARGET_NAME)";
				PROVISIONING_PROFILE = "";
			};
			name = Release;
		};
/* End XCBuildConfiguration section */

/* Begin XCConfigurationList section */
		DCCE68441C874244009559FF /* Build configuration list for PBXProject "CamMixes" */ = {
			isa = XCConfigurationList;
			buildConfigurations = (
				DCCE68591C874244009559FF /* Debug */,
				DCCE685A1C874244009559FF /* Release */,
			);
			defaultConfigurationIsVisible = 0;
			defaultConfigurationName = Release;
		};
		DCCE685B1C874244009559FF /* Build configuration list for PBXNativeTarget "CamMixes" */ = {
			isa = XCConfigurationList;
			buildConfigurations = (
				DCCE685C1C874244009559FF /* Debug */,
				DCCE685D1C874244009559FF /* Release */,
			);
			defaultConfigurationIsVisible = 0;
			defaultConfigurationName = Release;
		};
/* End XCConfigurationList section */
	};
	rootObject = DCCE68411C874244009559FF /* Project object */;
}
